
Microsoft Visual Studio Solution File, Format Version 12.00
# Visual Studio Version 17
VisualStudioVersion = 17.11.35327.3
MinimumVisualStudioVersion = 10.0.40219.1
Project("{FAE04EC0-301F-11D3-BF4B-00C04F79EFBC}") = "HospitalManagementSystemNew", "HospitalManagementSystemNew\HospitalManagementSystemNew.csproj", "{6CA747E5-41CC-4509-8A3B-B2D14C0F083A}"
EndProject
Global
	GlobalSection(SolutionConfigurationPlatforms) = preSolution
		Debug|Any CPU = Debug|Any CPU
		Release|Any CPU = Release|Any CPU
	EndGlobalSection
	GlobalSection(ProjectConfigurationPlatforms) = postSolution
		{6CA747E5-41CC-4509-8A3B-B2D14C0F083A}.Debug|Any CPU.ActiveCfg = Debug|Any CPU
		{6CA747E5-41CC-4509-8A3B-B2D14C0F083A}.Debug|Any CPU.Build.0 = Debug|Any CPU
		{6CA747E5-41CC-4509-8A3B-B2D14C0F083A}.Release|Any CPU.ActiveCfg = Release|Any CPU
		{6CA747E5-41CC-4509-8A3B-B2D14C0F083A}.Release|Any CPU.Build.0 = Release|Any CPU
	EndGlobalSection
	GlobalSection(SolutionProperties) = preSolution
		HideSolutionNode = FALSE
	EndGlobalSection
	GlobalSection(ExtensibilityGlobals) = postSolution
		SolutionGuid = {8EE9B511-F4B1-444D-9290-8321B863A528}
	EndGlobalSection
EndGlobal
